
Microsoft Visual Studio Solution File, Format Version 12.00
# Visual Studio Version 17
VisualStudioVersion = 17.1.32210.238
MinimumVisualStudioVersion = 10.0.40219.1
Project("{FAE04EC0-301F-11D3-BF4B-00C04F79EFBC}") = "ProjetoDev2", "ProjetoDev2\ProjetoDev2.csproj", "{F243F0CE-BB94-41BE-94B0-E511BA2F7602}"
EndProject
Global
	GlobalSection(SolutionConfigurationPlatforms) = preSolution
		Debug|Any CPU = Debug|Any CPU
		Release|Any CPU = Release|Any CPU
	EndGlobalSection
	GlobalSection(ProjectConfigurationPlatforms) = postSolution
		{F243F0CE-BB94-41BE-94B0-E511BA2F7602}.Debug|Any CPU.ActiveCfg = Debug|Any CPU
		{F243F0CE-BB94-41BE-94B0-E511BA2F7602}.Debug|Any CPU.Build.0 = Debug|Any CPU
		{F243F0CE-BB94-41BE-94B0-E511BA2F7602}.Release|Any CPU.ActiveCfg = Release|Any CPU
		{F243F0CE-BB94-41BE-94B0-E511BA2F7602}.Release|Any CPU.Build.0 = Release|Any CPU
	EndGlobalSection
	GlobalSection(SolutionProperties) = preSolution
		HideSolutionNode = FALSE
	EndGlobalSection
	GlobalSection(ExtensibilityGlobals) = postSolution
		SolutionGuid = {EE150642-9EDF-4201-A8DD-8C036AAD8542}
	EndGlobalSection
EndGlobal
